
Microsoft Visual Studio Solution File, Format Version 12.00
# Visual Studio Version 16
VisualStudioVersion = 16.0.29613.14
MinimumVisualStudioVersion = 10.0.40219.1
Project("{FAE04EC0-301F-11D3-BF4B-00C04F79EFBC}") = "Composite", "Composite.csproj", "{BA105183-47FF-41EB-8DE5-A613488B2A34}"
EndProject
Global
	GlobalSection(SolutionConfigurationPlatforms) = preSolution
		Debug|Any CPU = Debug|Any CPU
		Release|Any CPU = Release|Any CPU
	EndGlobalSection
	GlobalSection(ProjectConfigurationPlatforms) = postSolution
		{BA105183-47FF-41EB-8DE5-A613488B2A34}.Debug|Any CPU.ActiveCfg = Debug|Any CPU
		{BA105183-47FF-41EB-8DE5-A613488B2A34}.Debug|Any CPU.Build.0 = Debug|Any CPU
		{BA105183-47FF-41EB-8DE5-A613488B2A34}.Release|Any CPU.ActiveCfg = Release|Any CPU
		{BA105183-47FF-41EB-8DE5-A613488B2A34}.Release|Any CPU.Build.0 = Release|Any CPU
	EndGlobalSection
	GlobalSection(SolutionProperties) = preSolution
		HideSolutionNode = FALSE
	EndGlobalSection
	GlobalSection(ExtensibilityGlobals) = postSolution
		SolutionGuid = {19A0C683-D9BE-4528-BB46-A870F980E47E}
	EndGlobalSection
EndGlobal
